<Solution>
  <Folder Name="/deploy/">
    <File Path="deploy/docker-compose.yml" />
  </Folder>
  <Folder Name="/src/" />
  <Folder Name="/src/Gateway/">
    <Project Path="src/Gateway/ApiGateway/ApiGateway.csproj" />
  </Folder>
  <Folder Name="/src/Services/">
    <Project Path="src/Services/BasketService/BasketService.csproj" />
    <Project Path="src/Services/CatalogService/CatalogService.csproj" />
    <Project Path="src/Services/InventoryService/InventoryService.csproj" />
    <Project Path="src/Services/OrderService/OrderService.csproj" />
    <Project Path="src/Services/TaskService/TaskService.csproj" Id="5164dfad-5dfa-4ae5-ad7a-623f97d2009d" />
    <Project Path="src/Services/UserService/UserService.csproj" />
  </Folder>
  <Folder Name="/src/Shared/">
    <Project Path="src/Shared/Contracts/Contracts.csproj" />
  </Folder>
  <Folder Name="/tests/">
    <Project Path="tests/BasketService.UnitTests/BasketService.UnitTests.csproj" />
    <Project Path="tests/CatalogService.UnitTests/CatalogService.UnitTests.csproj" />
    <Project Path="tests/InventoryService.UnitTests/InventoryService.UnitTests.csproj" />
    <Project Path="tests/OrderService.UnitTests/OrderService.UnitTests.csproj" />
    <Project Path="tests/Saga.IntegrationTests/Saga.IntegrationTests.csproj" />
    <Project Path="tests/TaskService.UnitTests/TaskService.UnitTests.csproj" />
    <Project Path="tests/UserService.UnitTests/UserService.UnitTests.csproj" />
  </Folder>
</Solution>
